// !$*UTF8*$!
{
	archiveVersion = 1;
	classes = {
	};
	objectVersion = 46;
	objects = {

/* Begin PBXBuildFile section */
		725230C81A014D3900D124BC /* ItemDetailViewController.swift in Sources */ = {isa = PBXBuildFile; fileRef = 725230C71A014D3900D124BC /* ItemDetailViewController.swift */; };
		7253E92A1A07CB040026A6DB /* checklist.swift in Sources */ = {isa = PBXBuildFile; fileRef = 7253E9291A07CB040026A6DB /* checklist.swift */; };
		726108B41A092882008E6448 /* ListDetailViewController.swift in Sources */ = {isa = PBXBuildFile; fileRef = 726108B31A092882008E6448 /* ListDetailViewController.swift */; };
		727401851A112E090092E4C4 /* IconPickerViewController.swift in Sources */ = {isa = PBXBuildFile; fileRef = 727401841A112E090092E4C4 /* IconPickerViewController.swift */; };
		7279812119FFEB3A0077948B /* ChecklistItem.swift in Sources */ = {isa = PBXBuildFile; fileRef = 7279812019FFEB3A0077948B /* ChecklistItem.swift */; };
		728A0F0B1A0693E2001B9D35 /* AllListsViewController.swift in Sources */ = {isa = PBXBuildFile; fileRef = 728A0F0A1A0693E2001B9D35 /* AllListsViewController.swift */; };
		72AD8E4819FCA3280090C3CD /* AppDelegate.swift in Sources */ = {isa = PBXBuildFile; fileRef = 72AD8E4719FCA3280090C3CD /* AppDelegate.swift */; };
		72AD8E4A19FCA3280090C3CD /* ChecklistsViewController.swift in Sources */ = {isa = PBXBuildFile; fileRef = 72AD8E4919FCA3280090C3CD /* ChecklistsViewController.swift */; };
		72AD8E4D19FCA3280090C3CD /* Main.storyboard in Resources */ = {isa = PBXBuildFile; fileRef = 72AD8E4B19FCA3280090C3CD /* Main.storyboard */; };
		72AD8E4F19FCA3280090C3CD /* Images.xcassets in Resources */ = {isa = PBXBuildFile; fileRef = 72AD8E4E19FCA3280090C3CD /* Images.xcassets */; };
		72AD8E5E19FCA3280090C3CD /* checklistsTests.swift in Sources */ = {isa = PBXBuildFile; fileRef = 72AD8E5D19FCA3280090C3CD /* checklistsTests.swift */; };
		72BED1311AC923000051DB8C /* WawaSC-Regular.otf in Resources */ = {isa = PBXBuildFile; fileRef = 72BED12E1AC91D580051DB8C /* WawaSC-Regular.otf */; };
		72BED1351AC9340A0051DB8C /* MyTableViewCell.swift in Sources */ = {isa = PBXBuildFile; fileRef = 72BED1341AC9340A0051DB8C /* MyTableViewCell.swift */; };
		72F701071A0BDA9C00B479B6 /* DataModel.swift in Sources */ = {isa = PBXBuildFile; fileRef = 72F701061A0BDA9C00B479B6 /* DataModel.swift */; };
/* End PBXBuildFile section */

/* Begin PBXContainerItemProxy section */
		72AD8E5819FCA3280090C3CD /* PBXContainerItemProxy */ = {
			isa = PBXContainerItemProxy;
			containerPortal = 72AD8E3A19FCA3280090C3CD /* Project object */;
			proxyType = 1;
			remoteGlobalIDString = 72AD8E4119FCA3280090C3CD;
			remoteInfo = checklists;
		};
/* End PBXContainerItemProxy section */

/* Begin PBXFileReference section */
		725230C71A014D3900D124BC /* ItemDetailViewController.swift */ = {isa = PBXFileReference; fileEncoding = 4; lastKnownFileType = sourcecode.swift; lineEnding = 0; path = ItemDetailViewController.swift; sourceTree = "<group>"; xcLanguageSpecificationIdentifier = xcode.lang.swift; };
		7253E9291A07CB040026A6DB /* checklist.swift */ = {isa = PBXFileReference; fileEncoding = 4; lastKnownFileType = sourcecode.swift; path = checklist.swift; sourceTree = "<group>"; };
		726108B31A092882008E6448 /* ListDetailViewController.swift */ = {isa = PBXFileReference; fileEncoding = 4; lastKnownFileType = sourcecode.swift; path = ListDetailViewController.swift; sourceTree = "<group>"; };
		727401841A112E090092E4C4 /* IconPickerViewController.swift */ = {isa = PBXFileReference; fileEncoding = 4; lastKnownFileType = sourcecode.swift; path = IconPickerViewController.swift; sourceTree = "<group>"; };
		7279812019FFEB3A0077948B /* ChecklistItem.swift */ = {isa = PBXFileReference; fileEncoding = 4; lastKnownFileType = sourcecode.swift; path = ChecklistItem.swift; sourceTree = "<group>"; };
		728A0F0A1A0693E2001B9D35 /* AllListsViewController.swift */ = {isa = PBXFileReference; fileEncoding = 4; lastKnownFileType = sourcecode.swift; path = AllListsViewController.swift; sourceTree = "<group>"; };
		72AD8E4219FCA3280090C3CD /* checklists.app */ = {isa = PBXFileReference; explicitFileType = wrapper.application; includeInIndex = 0; path = checklists.app; sourceTree = BUILT_PRODUCTS_DIR; };
		72AD8E4619FCA3280090C3CD /* Info.plist */ = {isa = PBXFileReference; lastKnownFileType = text.plist.xml; path = Info.plist; sourceTree = "<group>"; };
		72AD8E4719FCA3280090C3CD /* AppDelegate.swift */ = {isa = PBXFileReference; lastKnownFileType = sourcecode.swift; path = AppDelegate.swift; sourceTree = "<group>"; };
		72AD8E4919FCA3280090C3CD /* ChecklistsViewController.swift */ = {isa = PBXFileReference; lastKnownFileType = sourcecode.swift; lineEnding = 0; path = ChecklistsViewController.swift; sourceTree = "<group>"; xcLanguageSpecificationIdentifier = xcode.lang.swift; };
		72AD8E4C19FCA3280090C3CD /* Base */ = {isa = PBXFileReference; lastKnownFileType = file.storyboard; name = Base; path = Base.lproj/Main.storyboard; sourceTree = "<group>"; };
		72AD8E4E19FCA3280090C3CD /* Images.xcassets */ = {isa = PBXFileReference; lastKnownFileType = folder.assetcatalog; path = Images.xcassets; sourceTree = "<group>"; };
		72AD8E5719FCA3280090C3CD /* checklistsTests.xctest */ = {isa = PBXFileReference; explicitFileType = wrapper.cfbundle; includeInIndex = 0; path = checklistsTests.xctest; sourceTree = BUILT_PRODUCTS_DIR; };
		72AD8E5C19FCA3280090C3CD /* Info.plist */ = {isa = PBXFileReference; lastKnownFileType = text.plist.xml; path = Info.plist; sourceTree = "<group>"; };
		72AD8E5D19FCA3280090C3CD /* checklistsTests.swift */ = {isa = PBXFileReference; lastKnownFileType = sourcecode.swift; path = checklistsTests.swift; sourceTree = "<group>"; };
		72BED12E1AC91D580051DB8C /* WawaSC-Regular.otf */ = {isa = PBXFileReference; lastKnownFileType = file; path = "WawaSC-Regular.otf"; sourceTree = "<group>"; };
		72BED1341AC9340A0051DB8C /* MyTableViewCell.swift */ = {isa = PBXFileReference; fileEncoding = 4; lastKnownFileType = sourcecode.swift; path = MyTableViewCell.swift; sourceTree = "<group>"; };
		72F701061A0BDA9C00B479B6 /* DataModel.swift */ = {isa = PBXFileReference; fileEncoding = 4; lastKnownFileType = sourcecode.swift; path = DataModel.swift; sourceTree = "<group>"; };
/* End PBXFileReference section */

/* Begin PBXFrameworksBuildPhase section */
		72AD8E3F19FCA3280090C3CD /* Frameworks */ = {
			isa = PBXFrameworksBuildPhase;
			buildActionMask = 2147483647;
			files = (
			);
			runOnlyForDeploymentPostprocessing = 0;
		};
		72AD8E5419FCA3280090C3CD /* Frameworks */ = {
			isa = PBXFrameworksBuildPhase;
			buildActionMask = 2147483647;
			files = (
			);
			runOnlyForDeploymentPostprocessing = 0;
		};
/* End PBXFrameworksBuildPhase section */

/* Begin PBXGroup section */
		72AD8E3919FCA3280090C3CD = {
			isa = PBXGroup;
			children = (
				72AD8E4419FCA3280090C3CD /* checklists */,
				72AD8E5A19FCA3280090C3CD /* checklistsTests */,
				72AD8E4319FCA3280090C3CD /* Products */,
			);
			sourceTree = "<group>";
		};
		72AD8E4319FCA3280090C3CD /* Products */ = {
			isa = PBXGroup;
			children = (
				72AD8E4219FCA3280090C3CD /* checklists.app */,
				72AD8E5719FCA3280090C3CD /* checklistsTests.xctest */,
			);
			name = Products;
			sourceTree = "<group>";
		};
		72AD8E4419FCA3280090C3CD /* checklists */ = {
			isa = PBXGroup;
			children = (
				72AD8E4719FCA3280090C3CD /* AppDelegate.swift */,
				72BED12E1AC91D580051DB8C /* WawaSC-Regular.otf */,
				72BED12D1AC90ABD0051DB8C /* viewcontrollers */,
				72BED12C1AC90A320051DB8C /* model */,
				72AD8E4B19FCA3280090C3CD /* Main.storyboard */,
				72AD8E4E19FCA3280090C3CD /* Images.xcassets */,
				72AD8E4519FCA3280090C3CD /* Supporting Files */,
			);
			path = checklists;
			sourceTree = "<group>";
		};
		72AD8E4519FCA3280090C3CD /* Supporting Files */ = {
			isa = PBXGroup;
			children = (
				72AD8E4619FCA3280090C3CD /* Info.plist */,
			);
			name = "Supporting Files";
			sourceTree = "<group>";
		};
		72AD8E5A19FCA3280090C3CD /* checklistsTests */ = {
			isa = PBXGroup;
			children = (
				72AD8E5D19FCA3280090C3CD /* checklistsTests.swift */,
				72AD8E5B19FCA3280090C3CD /* Supporting Files */,
			);
			path = checklistsTests;
			sourceTree = "<group>";
		};
		72AD8E5B19FCA3280090C3CD /* Supporting Files */ = {
			isa = PBXGroup;
			children = (
				72AD8E5C19FCA3280090C3CD /* Info.plist */,
			);
			name = "Supporting Files";
			sourceTree = "<group>";
		};
		72BED12C1AC90A320051DB8C /* model */ = {
			isa = PBXGroup;
			children = (
				72F701061A0BDA9C00B479B6 /* DataModel.swift */,
				7253E9291A07CB040026A6DB /* checklist.swift */,
				7279812019FFEB3A0077948B /* ChecklistItem.swift */,
			);
			name = model;
			sourceTree = "<group>";
		};
		72BED12D1AC90ABD0051DB8C /* viewcontrollers */ = {
			isa = PBXGroup;
			children = (
				72AD8E4919FCA3280090C3CD /* ChecklistsViewController.swift */,
				728A0F0A1A0693E2001B9D35 /* AllListsViewController.swift */,
				727401841A112E090092E4C4 /* IconPickerViewController.swift */,
				726108B31A092882008E6448 /* ListDetailViewController.swift */,
				72BED1341AC9340A0051DB8C /* MyTableViewCell.swift */,
				725230C71A014D3900D124BC /* ItemDetailViewController.swift */,
			);
			name = viewcontrollers;
			sourceTree = "<group>";
		};
/* End PBXGroup section */

/* Begin PBXNativeTarget section */
		72AD8E4119FCA3280090C3CD /* checklists */ = {
			isa = PBXNativeTarget;
			buildConfigurationList = 72AD8E6119FCA3280090C3CD /* Build configuration list for PBXNativeTarget "checklists" */;
			buildPhases = (
				72AD8E3E19FCA3280090C3CD /* Sources */,
				72AD8E3F19FCA3280090C3CD /* Frameworks */,
				72AD8E4019FCA3280090C3CD /* Resources */,
			);
			buildRules = (
			);
			dependencies = (
			);
			name = checklists;
			productName = checklists;
			productReference = 72AD8E4219FCA3280090C3CD /* checklists.app */;
			productType = "com.apple.product-type.application";
		};
		72AD8E5619FCA3280090C3CD /* checklistsTests */ = {
			isa = PBXNativeTarget;
			buildConfigurationList = 72AD8E6419FCA3280090C3CD /* Build configuration list for PBXNativeTarget "checklistsTests" */;
			buildPhases = (
				72AD8E5319FCA3280090C3CD /* Sources */,
				72AD8E5419FCA3280090C3CD /* Frameworks */,
				72AD8E5519FCA3280090C3CD /* Resources */,
			);
			buildRules = (
			);
			dependencies = (
				72AD8E5919FCA3280090C3CD /* PBXTargetDependency */,
			);
			name = checklistsTests;
			productName = checklistsTests;
			productReference = 72AD8E5719FCA3280090C3CD /* checklistsTests.xctest */;
			productType = "com.apple.product-type.bundle.unit-test";
		};
/* End PBXNativeTarget section */

/* Begin PBXProject section */
		72AD8E3A19FCA3280090C3CD /* Project object */ = {
			isa = PBXProject;
			attributes = {
				LastUpgradeCheck = 0610;
				ORGANIZATIONNAME = wangchi;
				TargetAttributes = {
					72AD8E4119FCA3280090C3CD = {
						CreatedOnToolsVersion = 6.1;
					};
					72AD8E5619FCA3280090C3CD = {
						CreatedOnToolsVersion = 6.1;
						TestTargetID = 72AD8E4119FCA3280090C3CD;
					};
				};
			};
			buildConfigurationList = 72AD8E3D19FCA3280090C3CD /* Build configuration list for PBXProject "checklists" */;
			compatibilityVersion = "Xcode 3.2";
			developmentRegion = English;
			hasScannedForEncodings = 0;
			knownRegions = (
				en,
				Base,
			);
			mainGroup = 72AD8E3919FCA3280090C3CD;
			productRefGroup = 72AD8E4319FCA3280090C3CD /* Products */;
			projectDirPath = "";
			projectRoot = "";
			targets = (
				72AD8E4119FCA3280090C3CD /* checklists */,
				72AD8E5619FCA3280090C3CD /* checklistsTests */,
			);
		};
/* End PBXProject section */

/* Begin PBXResourcesBuildPhase section */
		72AD8E4019FCA3280090C3CD /* Resources */ = {
			isa = PBXResourcesBuildPhase;
			buildActionMask = 2147483647;
			files = (
				72AD8E4D19FCA3280090C3CD /* Main.storyboard in Resources */,
				72BED1311AC923000051DB8C /* WawaSC-Regular.otf in Resources */,
				72AD8E4F19FCA3280090C3CD /* Images.xcassets in Resources */,
			);
			runOnlyForDeploymentPostprocessing = 0;
		};
		72AD8E5519FCA3280090C3CD /* Resources */ = {
			isa = PBXResourcesBuildPhase;
			buildActionMask = 2147483647;
			files = (
			);
			runOnlyForDeploymentPostprocessing = 0;
		};
/* End PBXResourcesBuildPhase section */

/* Begin PBXSourcesBuildPhase section */
		72AD8E3E19FCA3280090C3CD /* Sources */ = {
			isa = PBXSourcesBuildPhase;
			buildActionMask = 2147483647;
			files = (
				72AD8E4A19FCA3280090C3CD /* ChecklistsViewController.swift in Sources */,
				726108B41A092882008E6448 /* ListDetailViewController.swift in Sources */,
				725230C81A014D3900D124BC /* ItemDetailViewController.swift in Sources */,
				72BED1351AC9340A0051DB8C /* MyTableViewCell.swift in Sources */,
				727401851A112E090092E4C4 /* IconPickerViewController.swift in Sources */,
				7253E92A1A07CB040026A6DB /* checklist.swift in Sources */,
				7279812119FFEB3A0077948B /* ChecklistItem.swift in Sources */,
				72F701071A0BDA9C00B479B6 /* DataModel.swift in Sources */,
				728A0F0B1A0693E2001B9D35 /* AllListsViewController.swift in Sources */,
				72AD8E4819FCA3280090C3CD /* AppDelegate.swift in Sources */,
			);
			runOnlyForDeploymentPostprocessing = 0;
		};
		72AD8E5319FCA3280090C3CD /* Sources */ = {
			isa = PBXSourcesBuildPhase;
			buildActionMask = 2147483647;
			files = (
				72AD8E5E19FCA3280090C3CD /* checklistsTests.swift in Sources */,
			);
			runOnlyForDeploymentPostprocessing = 0;
		};
/* End PBXSourcesBuildPhase section */

/* Begin PBXTargetDependency section */
		72AD8E5919FCA3280090C3CD /* PBXTargetDependency */ = {
			isa = PBXTargetDependency;
			target = 72AD8E4119FCA3280090C3CD /* checklists */;
			targetProxy = 72AD8E5819FCA3280090C3CD /* PBXContainerItemProxy */;
		};
/* End PBXTargetDependency section */

/* Begin PBXVariantGroup section */
		72AD8E4B19FCA3280090C3CD /* Main.storyboard */ = {
			isa = PBXVariantGroup;
			children = (
				72AD8E4C19FCA3280090C3CD /* Base */,
			);
			name = Main.storyboard;
			sourceTree = "<group>";
		};
/* End PBXVariantGroup section */

/* Begin XCBuildConfiguration section */
		72AD8E5F19FCA3280090C3CD /* Debug */ = {
			isa = XCBuildConfiguration;
			buildSettings = {
				ALWAYS_SEARCH_USER_PATHS = NO;
				CLANG_CXX_LANGUAGE_STANDARD = "gnu++0x";
				CLANG_CXX_LIBRARY = "libc++";
				CLANG_ENABLE_MODULES = YES;
				CLANG_ENABLE_OBJC_ARC = YES;
				CLANG_WARN_BOOL_CONVERSION = YES;
				CLANG_WARN_CONSTANT_CONVERSION = YES;
				CLANG_WARN_DIRECT_OBJC_ISA_USAGE = YES_ERROR;
				CLANG_WARN_EMPTY_BODY = YES;
				CLANG_WARN_ENUM_CONVERSION = YES;
				CLANG_WARN_INT_CONVERSION = YES;
				CLANG_WARN_OBJC_ROOT_CLASS = YES_ERROR;
				CLANG_WARN_UNREACHABLE_CODE = YES;
				CLANG_WARN__DUPLICATE_METHOD_MATCH = YES;
				"CODE_SIGN_IDENTITY[sdk=iphoneos*]" = "iPhone Developer";
				COPY_PHASE_STRIP = NO;
				ENABLE_STRICT_OBJC_MSGSEND = YES;
				GCC_C_LANGUAGE_STANDARD = gnu99;
				GCC_DYNAMIC_NO_PIC = NO;
				GCC_OPTIMIZATION_LEVEL = 0;
				GCC_PREPROCESSOR_DEFINITIONS = (
					"DEBUG=1",
					"$(inherited)",
				);
				GCC_SYMBOLS_PRIVATE_EXTERN = NO;
				GCC_WARN_64_TO_32_BIT_CONVERSION = YES;
				GCC_WARN_ABOUT_RETURN_TYPE = YES_ERROR;
				GCC_WARN_UNDECLARED_SELECTOR = YES;
				GCC_WARN_UNINITIALIZED_AUTOS = YES_AGGRESSIVE;
				GCC_WARN_UNUSED_FUNCTION = YES;
				GCC_WARN_UNUSED_VARIABLE = YES;
				IPHONEOS_DEPLOYMENT_TARGET = 8.1;
				MTL_ENABLE_DEBUG_INFO = YES;
				ONLY_ACTIVE_ARCH = YES;
				SDKROOT = iphoneos;
				SWIFT_OPTIMIZATION_LEVEL = "-Onone";
			};
			name = Debug;
		};
		72AD8E6019FCA3280090C3CD /* Release */ = {
			isa = XCBuildConfiguration;
			buildSettings = {
				ALWAYS_SEARCH_USER_PATHS = NO;
				CLANG_CXX_LANGUAGE_STANDARD = "gnu++0x";
				CLANG_CXX_LIBRARY = "libc++";
				CLANG_ENABLE_MODULES = YES;
				CLANG_ENABLE_OBJC_ARC = YES;
				CLANG_WARN_BOOL_CONVERSION = YES;
				CLANG_WARN_CONSTANT_CONVERSION = YES;
				CLANG_WARN_DIRECT_OBJC_ISA_USAGE = YES_ERROR;
				CLANG_WARN_EMPTY_BODY = YES;
				CLANG_WARN_ENUM_CONVERSION = YES;
				CLANG_WARN_INT_CONVERSION = YES;
				CLANG_WARN_OBJC_ROOT_CLASS = YES_ERROR;
				CLANG_WARN_UNREACHABLE_CODE = YES;
				CLANG_WARN__DUPLICATE_METHOD_MATCH = YES;
				"CODE_SIGN_IDENTITY[sdk=iphoneos*]" = "iPhone Developer";
				COPY_PHASE_STRIP = YES;
				ENABLE_NS_ASSERTIONS = NO;
				ENABLE_STRICT_OBJC_MSGSEND = YES;
				GCC_C_LANGUAGE_STANDARD = gnu99;
				GCC_WARN_64_TO_32_BIT_CONVERSION = YES;
				GCC_WARN_ABOUT_RETURN_TYPE = YES_ERROR;
				GCC_WARN_UNDECLARED_SELECTOR = YES;
				GCC_WARN_UNINITIALIZED_AUTOS = YES_AGGRESSIVE;
				GCC_WARN_UNUSED_FUNCTION = YES;
				GCC_WARN_UNUSED_VARIABLE = YES;
				IPHONEOS_DEPLOYMENT_TARGET = 8.1;
				MTL_ENABLE_DEBUG_INFO = NO;
				SDKROOT = iphoneos;
				VALIDATE_PRODUCT = YES;
			};
			name = Release;
		};
		72AD8E6219FCA3280090C3CD /* Debug */ = {
			isa = XCBuildConfiguration;
			buildSettings = {
				ASSETCATALOG_COMPILER_APPICON_NAME = AppIcon;
				INFOPLIST_FILE = checklists/Info.plist;
				LD_RUNPATH_SEARCH_PATHS = "$(inherited) @executable_path/Frameworks";
				PRODUCT_NAME = "$(TARGET_NAME)";
			};
			name = Debug;
		};
		72AD8E6319FCA3280090C3CD /* Release */ = {
			isa = XCBuildConfiguration;
			buildSettings = {
				ASSETCATALOG_COMPILER_APPICON_NAME = AppIcon;
				INFOPLIST_FILE = checklists/Info.plist;
				LD_RUNPATH_SEARCH_PATHS = "$(inherited) @executable_path/Frameworks";
				PRODUCT_NAME = "$(TARGET_NAME)";
			};
			name = Release;
		};
		72AD8E6519FCA3280090C3CD /* Debug */ = {
			isa = XCBuildConfiguration;
			buildSettings = {
				BUNDLE_LOADER = "$(TEST_HOST)";
				FRAMEWORK_SEARCH_PATHS = (
					"$(SDKROOT)/Developer/Library/Frameworks",
					"$(inherited)",
				);
				GCC_PREPROCESSOR_DEFINITIONS = (
					"DEBUG=1",
					"$(inherited)",
				);
				INFOPLIST_FILE = checklistsTests/Info.plist;
				LD_RUNPATH_SEARCH_PATHS = "$(inherited) @executable_path/Frameworks @loader_path/Frameworks";
				PRODUCT_NAME = "$(TARGET_NAME)";
				TEST_HOST = "$(BUILT_PRODUCTS_DIR)/checklists.app/checklists";
			};
			name = Debug;
		};
		72AD8E6619FCA3280090C3CD /* Release */ = {
			isa = XCBuildConfiguration;
			buildSettings = {
				BUNDLE_LOADER = "$(TEST_HOST)";
				FRAMEWORK_SEARCH_PATHS = (
					"$(SDKROOT)/Developer/Library/Frameworks",
					"$(inherited)",
				);
				INFOPLIST_FILE = checklistsTests/Info.plist;
				LD_RUNPATH_SEARCH_PATHS = "$(inherited) @executable_path/Frameworks @loader_path/Frameworks";
				PRODUCT_NAME = "$(TARGET_NAME)";
				TEST_HOST = "$(BUILT_PRODUCTS_DIR)/checklists.app/checklists";
			};
			name = Release;
		};
/* End XCBuildConfiguration section */

/* Begin XCConfigurationList section */
		72AD8E3D19FCA3280090C3CD /* Build configuration list for PBXProject "checklists" */ = {
			isa = XCConfigurationList;
			buildConfigurations = (
				72AD8E5F19FCA3280090C3CD /* Debug */,
				72AD8E6019FCA3280090C3CD /* Release */,
			);
			defaultConfigurationIsVisible = 0;
			defaultConfigurationName = Release;
		};
		72AD8E6119FCA3280090C3CD /* Build configuration list for PBXNativeTarget "checklists" */ = {
			isa = XCConfigurationList;
			buildConfigurations = (
				72AD8E6219FCA3280090C3CD /* Debug */,
				72AD8E6319FCA3280090C3CD /* Release */,
			);
			defaultConfigurationIsVisible = 0;
			defaultConfigurationName = Release;
		};
		72AD8E6419FCA3280090C3CD /* Build configuration list for PBXNativeTarget "checklistsTests" */ = {
			isa = XCConfigurationList;
			buildConfigurations = (
				72AD8E6519FCA3280090C3CD /* Debug */,
				72AD8E6619FCA3280090C3CD /* Release */,
			);
			defaultConfigurationIsVisible = 0;
			defaultConfigurationName = Release;
		};
/* End XCConfigurationList section */
	};
	rootObject = 72AD8E3A19FCA3280090C3CD /* Project object */;
}
